# THIS IS AN AUTOGENERATED FILE. DO NOT EDIT THIS FILE DIRECTLY.
# yarn lockfile v1


"@types/chalk@^2.2.0":
  version "2.2.0"
  resolved "http://nexus.saas.hand-china.com/repository/hzero-npm-group/@types/chalk/-/chalk-2.2.0.tgz#b7f6e446f4511029ee8e3f43075fb5b73fbaa0ba"
  integrity sha1-t/bkRvRRECnujj9DB1+1tz+6oLo=
  dependencies:
    chalk "*"

"@types/commander@^2.12.2":
  version "2.12.2"
  resolved "http://nexus.saas.hand-china.com/repository/hzero-npm-group/@types/commander/-/commander-2.12.2.tgz#183041a23842d4281478fa5d23c5ca78e6fd08ae"
  integrity sha1-GDBBojhC1CgUePpdI8XKeOb9CK4=
  dependencies:
    commander "*"

"@types/inquirer@^7.3.1":
  version "7.3.1"
  resolved "http://nexus.saas.hand-china.com/repository/hzero-npm-group/@types/inquirer/-/inquirer-7.3.1.tgz#1f231224e7df11ccfaf4cf9acbcc3b935fea292d"
  integrity sha1-HyMSJOffEcz69M+ay8w7k1/qKS0=
  dependencies:
    "@types/through" "*"
    rxjs "^6.4.0"

"@types/node@*", "@types/node@^14.14.19":
  version "14.14.19"
  resolved "http://nexus.saas.hand-china.com/repository/hzero-npm-group/@types/node/-/node-14.14.19.tgz#5135176a8330b88ece4e9ab1fdcfc0a545b4bab4"
  integrity sha1-UTUXaoMwuI7OTpqx/c/ApUW0urQ=

"@types/prettier@^2.1.6":
  version "2.1.6"
  resolved "http://nexus.saas.hand-china.com/repository/hzero-npm-group/@types/prettier/-/prettier-2.1.6.tgz#f4b1efa784e8db479cdb8b14403e2144b1e9ff03"
  integrity sha1-9LHvp4To20ec24sUQD4hRLHp/wM=

"@types/through@*":
  version "0.0.30"
  resolved "http://nexus.saas.hand-china.com/repository/hzero-npm-group/@types/through/-/through-0.0.30.tgz#e0e42ce77e897bd6aead6f6ea62aeb135b8a3895"
  integrity sha1-4OQs536Je9aurW9upirrE1uKOJU=
  dependencies:
    "@types/node" "*"

ansi-styles@^4.1.0:
  version "4.3.0"
  resolved "http://nexus.saas.hand-china.com/repository/hzero-npm-group/ansi-styles/-/ansi-styles-4.3.0.tgz#edd803628ae71c04c85ae7a0906edad34b648937"
  integrity sha1-7dgDYornHATIWuegkG7a00tkiTc=
  dependencies:
    color-convert "^2.0.1"

chalk@*:
  version "4.1.0"
  resolved "http://nexus.saas.hand-china.com/repository/hzero-npm-group/chalk/-/chalk-4.1.0.tgz#4e14870a618d9e2edd97dd8345fd9d9dc315646a"
  integrity sha1-ThSHCmGNni7dl92DRf2dncMVZGo=
  dependencies:
    ansi-styles "^4.1.0"
    supports-color "^7.1.0"

color-convert@^2.0.1:
  version "2.0.1"
  resolved "http://nexus.saas.hand-china.com/repository/hzero-npm-group/color-convert/-/color-convert-2.0.1.tgz#72d3a68d598c9bdb3af2ad1e84f21d896abd4de3"
  integrity sha1-ctOmjVmMm9s68q0ehPIdiWq9TeM=
  dependencies:
    color-name "~1.1.4"

color-name@~1.1.4:
  version "1.1.4"
  resolved "http://nexus.saas.hand-china.com/repository/hzero-npm-group/color-name/-/color-name-1.1.4.tgz#c2a09a87acbde69543de6f63fa3995c826c536a2"
  integrity sha1-wqCah6y95pVD3m9j+jmVyCbFNqI=

commander@*:
  version "6.2.1"
  resolved "http://nexus.saas.hand-china.com/repository/hzero-npm-group/commander/-/commander-6.2.1.tgz#0792eb682dfbc325999bb2b84fddddba110ac73c"
  integrity sha1-B5LraC37wyWZm7K4T93duhEKxzw=

has-flag@^4.0.0:
  version "4.0.0"
  resolved "http://nexus.saas.hand-china.com/repository/hzero-npm-group/has-flag/-/has-flag-4.0.0.tgz#944771fd9c81c81265c4d6941860da06bb59479b"
  integrity sha1-lEdx/ZyByBJlxNaUGGDaBrtZR5s=

rxjs@^6.4.0:
  version "6.6.3"
  resolved "http://nexus.saas.hand-china.com/repository/hzero-npm-group/rxjs/-/rxjs-6.6.3.tgz#8ca84635c4daa900c0d3967a6ee7ac60271ee552"
  integrity sha512-trsQc+xYYXZ3urjOiJOuCOa5N3jAZ3eiSpQB5hIT8zGlL2QfnHLJ2r7GMkBGuIausdJN1OneaI6gQlsqNHHmZQ==
  dependencies:
    tslib "^1.9.0"

supports-color@^7.1.0:
  version "7.2.0"
  resolved "http://nexus.saas.hand-china.com/repository/hzero-npm-group/supports-color/-/supports-color-7.2.0.tgz#1b7dcdcb32b8138801b3e478ba6a51caa89648da"
  integrity sha1-G33NyzK4E4gBs+R4umpRyqiWSNo=
  dependencies:
    has-flag "^4.0.0"

tslib@^1.9.0:
  version "1.14.1"
  resolved "http://nexus.saas.hand-china.com/repository/hzero-npm-group/tslib/-/tslib-1.14.1.tgz#cf2d38bdc34a134bcaf1091c41f6619e2f672d00"
  integrity sha1-zy04vcNKE0vK8QkcQfZhni9nLQA=

typescript@^4.1.3:
  version "4.1.3"
  resolved "http://nexus.saas.hand-china.com/repository/hzero-npm-group/typescript/-/typescript-4.1.3.tgz#519d582bd94cba0cf8934c7d8e8467e473f53bb7"
  integrity sha1-UZ1YK9lMugz4k0x9joRn5HP1O7c=
